
Microsoft Visual Studio Solution File, Format Version 12.00
# Visual Studio 15
VisualStudioVersion = 15.0.28307.1321
MinimumVisualStudioVersion = 10.0.40219.1
Project("{FAE04EC0-301F-11D3-BF4B-00C04F79EFBC}") = "DayTwo", "DayTwo\DayTwo.csproj", "{89FBD594-6159-4F51-BC39-300444BA6B32}"
EndProject
Project("{FAE04EC0-301F-11D3-BF4B-00C04F79EFBC}") = "DayThree", "DayThree\DayThree.csproj", "{52048EE0-FC74-4E37-A3B1-F7E210383C09}"
EndProject
Global
	GlobalSection(SolutionConfigurationPlatforms) = preSolution
		Debug|Any CPU = Debug|Any CPU
		Release|Any CPU = Release|Any CPU
	EndGlobalSection
	GlobalSection(ProjectConfigurationPlatforms) = postSolution
		{89FBD594-6159-4F51-BC39-300444BA6B32}.Debug|Any CPU.ActiveCfg = Debug|Any CPU
		{89FBD594-6159-4F51-BC39-300444BA6B32}.Debug|Any CPU.Build.0 = Debug|Any CPU
		{89FBD594-6159-4F51-BC39-300444BA6B32}.Release|Any CPU.ActiveCfg = Release|Any CPU
		{89FBD594-6159-4F51-BC39-300444BA6B32}.Release|Any CPU.Build.0 = Release|Any CPU
		{52048EE0-FC74-4E37-A3B1-F7E210383C09}.Debug|Any CPU.ActiveCfg = Debug|Any CPU
		{52048EE0-FC74-4E37-A3B1-F7E210383C09}.Debug|Any CPU.Build.0 = Debug|Any CPU
		{52048EE0-FC74-4E37-A3B1-F7E210383C09}.Release|Any CPU.ActiveCfg = Release|Any CPU
		{52048EE0-FC74-4E37-A3B1-F7E210383C09}.Release|Any CPU.Build.0 = Release|Any CPU
	EndGlobalSection
	GlobalSection(SolutionProperties) = preSolution
		HideSolutionNode = FALSE
	EndGlobalSection
	GlobalSection(ExtensibilityGlobals) = postSolution
		SolutionGuid = {70289544-EC1F-40AE-97AE-05D04EF419A9}
	EndGlobalSection
EndGlobal
